// !$*UTF8*$!
{
	archiveVersion = 1;
	classes = {
	};
	objectVersion = 48;
	objects = {

/* Begin PBXBuildFile section */
		4719584F201C42120007CCF8 /* Level_2.json in Resources */ = {isa = PBXBuildFile; fileRef = 4719584A201C42120007CCF8 /* Level_2.json */; };
		47195850201C42120007CCF8 /* Level_3.json in Resources */ = {isa = PBXBuildFile; fileRef = 4719584B201C42120007CCF8 /* Level_3.json */; };
		47195851201C42120007CCF8 /* Level_4.json in Resources */ = {isa = PBXBuildFile; fileRef = 4719584C201C42120007CCF8 /* Level_4.json */; };
		47195852201C42120007CCF8 /* Level_0.json in Resources */ = {isa = PBXBuildFile; fileRef = 4719584D201C42120007CCF8 /* Level_0.json */; };
		47195853201C42120007CCF8 /* Level_1.json in Resources */ = {isa = PBXBuildFile; fileRef = 4719584E201C42120007CCF8 /* Level_1.json */; };
		47195855201C45B30007CCF8 /* Sprites.atlas in Sources */ = {isa = PBXBuildFile; fileRef = 4725D234201C262D00B3E131 /* Sprites.atlas */; };
		4725D21D201C259500B3E131 /* AppDelegate.swift in Sources */ = {isa = PBXBuildFile; fileRef = 4725D21C201C259500B3E131 /* AppDelegate.swift */; };
		4725D223201C259500B3E131 /* GameScene.swift in Sources */ = {isa = PBXBuildFile; fileRef = 4725D222201C259500B3E131 /* GameScene.swift */; };
		4725D225201C259500B3E131 /* GameViewController.swift in Sources */ = {isa = PBXBuildFile; fileRef = 4725D224201C259500B3E131 /* GameViewController.swift */; };
		4725D228201C259500B3E131 /* Main.storyboard in Resources */ = {isa = PBXBuildFile; fileRef = 4725D226201C259500B3E131 /* Main.storyboard */; };
		4725D22A201C259500B3E131 /* Assets.xcassets in Resources */ = {isa = PBXBuildFile; fileRef = 4725D229201C259500B3E131 /* Assets.xcassets */; };
		4725D22D201C259500B3E131 /* LaunchScreen.storyboard in Resources */ = {isa = PBXBuildFile; fileRef = 4725D22B201C259500B3E131 /* LaunchScreen.storyboard */; };
		4725D235201C262D00B3E131 /* Sprites.atlas in Resources */ = {isa = PBXBuildFile; fileRef = 4725D234201C262D00B3E131 /* Sprites.atlas */; };
		4725D237201C29A800B3E131 /* Icons.swift in Sources */ = {isa = PBXBuildFile; fileRef = 4725D236201C29A800B3E131 /* Icons.swift */; };
		4725D239201C2D5100B3E131 /* Array2D.swift in Sources */ = {isa = PBXBuildFile; fileRef = 4725D238201C2D5100B3E131 /* Array2D.swift */; };
		4725D23B201C34EA00B3E131 /* Level.swift in Sources */ = {isa = PBXBuildFile; fileRef = 4725D23A201C34EA00B3E131 /* Level.swift */; };
		47550996201C692E006C5660 /* Scrape.wav in Resources */ = {isa = PBXBuildFile; fileRef = 47550990201C692E006C5660 /* Scrape.wav */; };
		47550997201C692E006C5660 /* Ka-Ching.wav in Resources */ = {isa = PBXBuildFile; fileRef = 47550991201C692E006C5660 /* Ka-Ching.wav */; };
		47550998201C692E006C5660 /* Mining by Moonlight.mp3 in Resources */ = {isa = PBXBuildFile; fileRef = 47550992201C692E006C5660 /* Mining by Moonlight.mp3 */; };
		47550999201C692E006C5660 /* Drip.wav in Resources */ = {isa = PBXBuildFile; fileRef = 47550993201C692E006C5660 /* Drip.wav */; };
		4755099A201C692E006C5660 /* Chomp.wav in Resources */ = {isa = PBXBuildFile; fileRef = 47550994201C692E006C5660 /* Chomp.wav */; };
		4755099B201C692E006C5660 /* Error.wav in Resources */ = {isa = PBXBuildFile; fileRef = 47550995201C692E006C5660 /* Error.wav */; };
		47AF33A0201C526E003BA941 /* Tile.swift in Sources */ = {isa = PBXBuildFile; fileRef = 47AF339F201C526E003BA941 /* Tile.swift */; };
		47AF33A2201C5335003BA941 /* Extensions.swift in Sources */ = {isa = PBXBuildFile; fileRef = 47AF33A1201C5335003BA941 /* Extensions.swift */; };
		47AF33A4201C5C2B003BA941 /* Swap.swift in Sources */ = {isa = PBXBuildFile; fileRef = 47AF33A3201C5C2B003BA941 /* Swap.swift */; };
/* End PBXBuildFile section */

/* Begin PBXFileReference section */
		4719584A201C42120007CCF8 /* Level_2.json */ = {isa = PBXFileReference; fileEncoding = 4; lastKnownFileType = text.json; path = Level_2.json; sourceTree = "<group>"; };
		4719584B201C42120007CCF8 /* Level_3.json */ = {isa = PBXFileReference; fileEncoding = 4; lastKnownFileType = text.json; path = Level_3.json; sourceTree = "<group>"; };
		4719584C201C42120007CCF8 /* Level_4.json */ = {isa = PBXFileReference; fileEncoding = 4; lastKnownFileType = text.json; path = Level_4.json; sourceTree = "<group>"; };
		4719584D201C42120007CCF8 /* Level_0.json */ = {isa = PBXFileReference; fileEncoding = 4; lastKnownFileType = text.json; path = Level_0.json; sourceTree = "<group>"; };
		4719584E201C42120007CCF8 /* Level_1.json */ = {isa = PBXFileReference; fileEncoding = 4; lastKnownFileType = text.json; path = Level_1.json; sourceTree = "<group>"; };
		4725D219201C259500B3E131 /* wowCrunch.app */ = {isa = PBXFileReference; explicitFileType = wrapper.application; includeInIndex = 0; path = wowCrunch.app; sourceTree = BUILT_PRODUCTS_DIR; };
		4725D21C201C259500B3E131 /* AppDelegate.swift */ = {isa = PBXFileReference; lastKnownFileType = sourcecode.swift; path = AppDelegate.swift; sourceTree = "<group>"; };
		4725D222201C259500B3E131 /* GameScene.swift */ = {isa = PBXFileReference; lastKnownFileType = sourcecode.swift; path = GameScene.swift; sourceTree = "<group>"; };
		4725D224201C259500B3E131 /* GameViewController.swift */ = {isa = PBXFileReference; lastKnownFileType = sourcecode.swift; path = GameViewController.swift; sourceTree = "<group>"; };
		4725D227201C259500B3E131 /* Base */ = {isa = PBXFileReference; lastKnownFileType = file.storyboard; name = Base; path = Base.lproj/Main.storyboard; sourceTree = "<group>"; };
		4725D229201C259500B3E131 /* Assets.xcassets */ = {isa = PBXFileReference; lastKnownFileType = folder.assetcatalog; path = Assets.xcassets; sourceTree = "<group>"; };
		4725D22C201C259500B3E131 /* Base */ = {isa = PBXFileReference; lastKnownFileType = file.storyboard; name = Base; path = Base.lproj/LaunchScreen.storyboard; sourceTree = "<group>"; };
		4725D22E201C259500B3E131 /* Info.plist */ = {isa = PBXFileReference; lastKnownFileType = text.plist.xml; path = Info.plist; sourceTree = "<group>"; };
		4725D234201C262D00B3E131 /* Sprites.atlas */ = {isa = PBXFileReference; lastKnownFileType = folder.skatlas; path = Sprites.atlas; sourceTree = "<group>"; };
		4725D236201C29A800B3E131 /* Icons.swift */ = {isa = PBXFileReference; lastKnownFileType = sourcecode.swift; path = Icons.swift; sourceTree = "<group>"; };
		4725D238201C2D5100B3E131 /* Array2D.swift */ = {isa = PBXFileReference; lastKnownFileType = sourcecode.swift; path = Array2D.swift; sourceTree = "<group>"; };
		4725D23A201C34EA00B3E131 /* Level.swift */ = {isa = PBXFileReference; lastKnownFileType = sourcecode.swift; path = Level.swift; sourceTree = "<group>"; };
		47550990201C692E006C5660 /* Scrape.wav */ = {isa = PBXFileReference; lastKnownFileType = audio.wav; path = Scrape.wav; sourceTree = "<group>"; };
		47550991201C692E006C5660 /* Ka-Ching.wav */ = {isa = PBXFileReference; lastKnownFileType = audio.wav; path = "Ka-Ching.wav"; sourceTree = "<group>"; };
		47550992201C692E006C5660 /* Mining by Moonlight.mp3 */ = {isa = PBXFileReference; lastKnownFileType = audio.mp3; path = "Mining by Moonlight.mp3"; sourceTree = "<group>"; };
		47550993201C692E006C5660 /* Drip.wav */ = {isa = PBXFileReference; lastKnownFileType = audio.wav; path = Drip.wav; sourceTree = "<group>"; };
		47550994201C692E006C5660 /* Chomp.wav */ = {isa = PBXFileReference; lastKnownFileType = audio.wav; path = Chomp.wav; sourceTree = "<group>"; };
		47550995201C692E006C5660 /* Error.wav */ = {isa = PBXFileReference; lastKnownFileType = audio.wav; path = Error.wav; sourceTree = "<group>"; };
		47AF339F201C526E003BA941 /* Tile.swift */ = {isa = PBXFileReference; lastKnownFileType = sourcecode.swift; path = Tile.swift; sourceTree = "<group>"; };
		47AF33A1201C5335003BA941 /* Extensions.swift */ = {isa = PBXFileReference; lastKnownFileType = sourcecode.swift; path = Extensions.swift; sourceTree = "<group>"; };
		47AF33A3201C5C2B003BA941 /* Swap.swift */ = {isa = PBXFileReference; lastKnownFileType = sourcecode.swift; path = Swap.swift; sourceTree = "<group>"; };
/* End PBXFileReference section */

/* Begin PBXFrameworksBuildPhase section */
		4725D216201C259500B3E131 /* Frameworks */ = {
			isa = PBXFrameworksBuildPhase;
			buildActionMask = 2147483647;
			files = (
			);
			runOnlyForDeploymentPostprocessing = 0;
		};
/* End PBXFrameworksBuildPhase section */

/* Begin PBXGroup section */
		47195849201C42120007CCF8 /* Levels */ = {
			isa = PBXGroup;
			children = (
				4719584A201C42120007CCF8 /* Level_2.json */,
				4719584B201C42120007CCF8 /* Level_3.json */,
				4719584C201C42120007CCF8 /* Level_4.json */,
				4719584D201C42120007CCF8 /* Level_0.json */,
				4719584E201C42120007CCF8 /* Level_1.json */,
			);
			path = Levels;
			sourceTree = "<group>";
		};
		47195854201C456F0007CCF8 /* Resources */ = {
			isa = PBXGroup;
			children = (
				4755098F201C692E006C5660 /* Sounds */,
				4725D234201C262D00B3E131 /* Sprites.atlas */,
				4725D229201C259500B3E131 /* Assets.xcassets */,
				47195849201C42120007CCF8 /* Levels */,
			);
			name = Resources;
			path = "/Users/gk/Documents/Git_repos/wow-crush/wow-crush/wowCrunch/wowCrunch/Resources";
			sourceTree = "<absolute>";
		};
		4725D210201C259400B3E131 = {
			isa = PBXGroup;
			children = (
				4725D21B201C259500B3E131 /* wowCrunch */,
				4725D21A201C259500B3E131 /* Products */,
			);
			sourceTree = "<group>";
		};
		4725D21A201C259500B3E131 /* Products */ = {
			isa = PBXGroup;
			children = (
				4725D219201C259500B3E131 /* wowCrunch.app */,
			);
			name = Products;
			sourceTree = "<group>";
		};
		4725D21B201C259500B3E131 /* wowCrunch */ = {
			isa = PBXGroup;
			children = (
				4725D23E201C37F700B3E131 /* View */,
				4725D23D201C37F000B3E131 /* Controller */,
				4725D23C201C37E800B3E131 /* Model */,
				47195854201C456F0007CCF8 /* Resources */,
				4725D21C201C259500B3E131 /* AppDelegate.swift */,
				47AF33A1201C5335003BA941 /* Extensions.swift */,
				4725D226201C259500B3E131 /* Main.storyboard */,
				4725D22B201C259500B3E131 /* LaunchScreen.storyboard */,
				4725D22E201C259500B3E131 /* Info.plist */,
			);
			path = wowCrunch;
			sourceTree = "<group>";
		};
		4725D23C201C37E800B3E131 /* Model */ = {
			isa = PBXGroup;
			children = (
				4725D236201C29A800B3E131 /* Icons.swift */,
				4725D23A201C34EA00B3E131 /* Level.swift */,
				4725D238201C2D5100B3E131 /* Array2D.swift */,
				47AF339F201C526E003BA941 /* Tile.swift */,
				47AF33A3201C5C2B003BA941 /* Swap.swift */,
			);
			path = Model;
			sourceTree = "<group>";
		};
		4725D23D201C37F000B3E131 /* Controller */ = {
			isa = PBXGroup;
			children = (
				4725D224201C259500B3E131 /* GameViewController.swift */,
			);
			path = Controller;
			sourceTree = "<group>";
		};
		4725D23E201C37F700B3E131 /* View */ = {
			isa = PBXGroup;
			children = (
				4725D222201C259500B3E131 /* GameScene.swift */,
			);
			path = View;
			sourceTree = "<group>";
		};
		4755098F201C692E006C5660 /* Sounds */ = {
			isa = PBXGroup;
			children = (
				47550990201C692E006C5660 /* Scrape.wav */,
				47550991201C692E006C5660 /* Ka-Ching.wav */,
				47550992201C692E006C5660 /* Mining by Moonlight.mp3 */,
				47550993201C692E006C5660 /* Drip.wav */,
				47550994201C692E006C5660 /* Chomp.wav */,
				47550995201C692E006C5660 /* Error.wav */,
			);
			path = Sounds;
			sourceTree = "<group>";
		};
/* End PBXGroup section */

/* Begin PBXNativeTarget section */
		4725D218201C259500B3E131 /* wowCrunch */ = {
			isa = PBXNativeTarget;
			buildConfigurationList = 4725D231201C259500B3E131 /* Build configuration list for PBXNativeTarget "wowCrunch" */;
			buildPhases = (
				4725D215201C259500B3E131 /* Sources */,
				4725D216201C259500B3E131 /* Frameworks */,
				4725D217201C259500B3E131 /* Resources */,
			);
			buildRules = (
			);
			dependencies = (
			);
			name = wowCrunch;
			productName = wowCrunch;
			productReference = 4725D219201C259500B3E131 /* wowCrunch.app */;
			productType = "com.apple.product-type.application";
		};
/* End PBXNativeTarget section */

/* Begin PBXProject section */
		4725D211201C259400B3E131 /* Project object */ = {
			isa = PBXProject;
			attributes = {
				LastSwiftUpdateCheck = 0920;
				LastUpgradeCheck = 0920;
				ORGANIZATIONNAME = Kirill;
				TargetAttributes = {
					4725D218201C259500B3E131 = {
						CreatedOnToolsVersion = 9.2;
						ProvisioningStyle = Automatic;
					};
				};
			};
			buildConfigurationList = 4725D214201C259500B3E131 /* Build configuration list for PBXProject "wowCrunch" */;
			compatibilityVersion = "Xcode 8.0";
			developmentRegion = en;
			hasScannedForEncodings = 0;
			knownRegions = (
				en,
				Base,
			);
			mainGroup = 4725D210201C259400B3E131;
			productRefGroup = 4725D21A201C259500B3E131 /* Products */;
			projectDirPath = "";
			projectRoot = "";
			targets = (
				4725D218201C259500B3E131 /* wowCrunch */,
			);
		};
/* End PBXProject section */

/* Begin PBXResourcesBuildPhase section */
		4725D217201C259500B3E131 /* Resources */ = {
			isa = PBXResourcesBuildPhase;
			buildActionMask = 2147483647;
			files = (
				47550996201C692E006C5660 /* Scrape.wav in Resources */,
				47550999201C692E006C5660 /* Drip.wav in Resources */,
				4725D235201C262D00B3E131 /* Sprites.atlas in Resources */,
				47195852201C42120007CCF8 /* Level_0.json in Resources */,
				47195851201C42120007CCF8 /* Level_4.json in Resources */,
				4719584F201C42120007CCF8 /* Level_2.json in Resources */,
				4755099A201C692E006C5660 /* Chomp.wav in Resources */,
				4725D228201C259500B3E131 /* Main.storyboard in Resources */,
				4725D22A201C259500B3E131 /* Assets.xcassets in Resources */,
				4755099B201C692E006C5660 /* Error.wav in Resources */,
				47550998201C692E006C5660 /* Mining by Moonlight.mp3 in Resources */,
				4725D22D201C259500B3E131 /* LaunchScreen.storyboard in Resources */,
				47195853201C42120007CCF8 /* Level_1.json in Resources */,
				47195850201C42120007CCF8 /* Level_3.json in Resources */,
				47550997201C692E006C5660 /* Ka-Ching.wav in Resources */,
			);
			runOnlyForDeploymentPostprocessing = 0;
		};
/* End PBXResourcesBuildPhase section */

/* Begin PBXSourcesBuildPhase section */
		4725D215201C259500B3E131 /* Sources */ = {
			isa = PBXSourcesBuildPhase;
			buildActionMask = 2147483647;
			files = (
				47195855201C45B30007CCF8 /* Sprites.atlas in Sources */,
				47AF33A2201C5335003BA941 /* Extensions.swift in Sources */,
				4725D23B201C34EA00B3E131 /* Level.swift in Sources */,
				4725D223201C259500B3E131 /* GameScene.swift in Sources */,
				47AF33A4201C5C2B003BA941 /* Swap.swift in Sources */,
				47AF33A0201C526E003BA941 /* Tile.swift in Sources */,
				4725D225201C259500B3E131 /* GameViewController.swift in Sources */,
				4725D237201C29A800B3E131 /* Icons.swift in Sources */,
				4725D21D201C259500B3E131 /* AppDelegate.swift in Sources */,
				4725D239201C2D5100B3E131 /* Array2D.swift in Sources */,
			);
			runOnlyForDeploymentPostprocessing = 0;
		};
/* End PBXSourcesBuildPhase section */

/* Begin PBXVariantGroup section */
		4725D226201C259500B3E131 /* Main.storyboard */ = {
			isa = PBXVariantGroup;
			children = (
				4725D227201C259500B3E131 /* Base */,
			);
			name = Main.storyboard;
			sourceTree = "<group>";
		};
		4725D22B201C259500B3E131 /* LaunchScreen.storyboard */ = {
			isa = PBXVariantGroup;
			children = (
				4725D22C201C259500B3E131 /* Base */,
			);
			name = LaunchScreen.storyboard;
			sourceTree = "<group>";
		};
/* End PBXVariantGroup section */

/* Begin XCBuildConfiguration section */
		4725D22F201C259500B3E131 /* Debug */ = {
			isa = XCBuildConfiguration;
			buildSettings = {
				ALWAYS_SEARCH_USER_PATHS = NO;
				CLANG_ANALYZER_NONNULL = YES;
				CLANG_ANALYZER_NUMBER_OBJECT_CONVERSION = YES_AGGRESSIVE;
				CLANG_CXX_LANGUAGE_STANDARD = "gnu++14";
				CLANG_CXX_LIBRARY = "libc++";
				CLANG_ENABLE_MODULES = YES;
				CLANG_ENABLE_OBJC_ARC = YES;
				CLANG_WARN_BLOCK_CAPTURE_AUTORELEASING = YES;
				CLANG_WARN_BOOL_CONVERSION = YES;
				CLANG_WARN_COMMA = YES;
				CLANG_WARN_CONSTANT_CONVERSION = YES;
				CLANG_WARN_DIRECT_OBJC_ISA_USAGE = YES_ERROR;
				CLANG_WARN_DOCUMENTATION_COMMENTS = YES;
				CLANG_WARN_EMPTY_BODY = YES;
				CLANG_WARN_ENUM_CONVERSION = YES;
				CLANG_WARN_INFINITE_RECURSION = YES;
				CLANG_WARN_INT_CONVERSION = YES;
				CLANG_WARN_NON_LITERAL_NULL_CONVERSION = YES;
				CLANG_WARN_OBJC_LITERAL_CONVERSION = YES;
				CLANG_WARN_OBJC_ROOT_CLASS = YES_ERROR;
				CLANG_WARN_RANGE_LOOP_ANALYSIS = YES;
				CLANG_WARN_STRICT_PROTOTYPES = YES;
				CLANG_WARN_SUSPICIOUS_MOVE = YES;
				CLANG_WARN_UNGUARDED_AVAILABILITY = YES_AGGRESSIVE;
				CLANG_WARN_UNREACHABLE_CODE = YES;
				CLANG_WARN__DUPLICATE_METHOD_MATCH = YES;
				CODE_SIGN_IDENTITY = "iPhone Developer";
				COPY_PHASE_STRIP = NO;
				DEBUG_INFORMATION_FORMAT = dwarf;
				ENABLE_STRICT_OBJC_MSGSEND = YES;
				ENABLE_TESTABILITY = YES;
				GCC_C_LANGUAGE_STANDARD = gnu11;
				GCC_DYNAMIC_NO_PIC = NO;
				GCC_NO_COMMON_BLOCKS = YES;
				GCC_OPTIMIZATION_LEVEL = 0;
				GCC_PREPROCESSOR_DEFINITIONS = (
					"DEBUG=1",
					"$(inherited)",
				);
				GCC_WARN_64_TO_32_BIT_CONVERSION = YES;
				GCC_WARN_ABOUT_RETURN_TYPE = YES_ERROR;
				GCC_WARN_UNDECLARED_SELECTOR = YES;
				GCC_WARN_UNINITIALIZED_AUTOS = YES_AGGRESSIVE;
				GCC_WARN_UNUSED_FUNCTION = YES;
				GCC_WARN_UNUSED_VARIABLE = YES;
				IPHONEOS_DEPLOYMENT_TARGET = 11.2;
				MTL_ENABLE_DEBUG_INFO = YES;
				ONLY_ACTIVE_ARCH = YES;
				SDKROOT = iphoneos;
				SWIFT_ACTIVE_COMPILATION_CONDITIONS = DEBUG;
				SWIFT_OPTIMIZATION_LEVEL = "-Onone";
			};
			name = Debug;
		};
		4725D230201C259500B3E131 /* Release */ = {
			isa = XCBuildConfiguration;
			buildSettings = {
				ALWAYS_SEARCH_USER_PATHS = NO;
				CLANG_ANALYZER_NONNULL = YES;
				CLANG_ANALYZER_NUMBER_OBJECT_CONVERSION = YES_AGGRESSIVE;
				CLANG_CXX_LANGUAGE_STANDARD = "gnu++14";
				CLANG_CXX_LIBRARY = "libc++";
				CLANG_ENABLE_MODULES = YES;
				CLANG_ENABLE_OBJC_ARC = YES;
				CLANG_WARN_BLOCK_CAPTURE_AUTORELEASING = YES;
				CLANG_WARN_BOOL_CONVERSION = YES;
				CLANG_WARN_COMMA = YES;
				CLANG_WARN_CONSTANT_CONVERSION = YES;
				CLANG_WARN_DIRECT_OBJC_ISA_USAGE = YES_ERROR;
				CLANG_WARN_DOCUMENTATION_COMMENTS = YES;
				CLANG_WARN_EMPTY_BODY = YES;
				CLANG_WARN_ENUM_CONVERSION = YES;
				CLANG_WARN_INFINITE_RECURSION = YES;
				CLANG_WARN_INT_CONVERSION = YES;
				CLANG_WARN_NON_LITERAL_NULL_CONVERSION = YES;
				CLANG_WARN_OBJC_LITERAL_CONVERSION = YES;
				CLANG_WARN_OBJC_ROOT_CLASS = YES_ERROR;
				CLANG_WARN_RANGE_LOOP_ANALYSIS = YES;
				CLANG_WARN_STRICT_PROTOTYPES = YES;
				CLANG_WARN_SUSPICIOUS_MOVE = YES;
				CLANG_WARN_UNGUARDED_AVAILABILITY = YES_AGGRESSIVE;
				CLANG_WARN_UNREACHABLE_CODE = YES;
				CLANG_WARN__DUPLICATE_METHOD_MATCH = YES;
				CODE_SIGN_IDENTITY = "iPhone Developer";
				COPY_PHASE_STRIP = NO;
				DEBUG_INFORMATION_FORMAT = "dwarf-with-dsym";
				ENABLE_NS_ASSERTIONS = NO;
				ENABLE_STRICT_OBJC_MSGSEND = YES;
				GCC_C_LANGUAGE_STANDARD = gnu11;
				GCC_NO_COMMON_BLOCKS = YES;
				GCC_WARN_64_TO_32_BIT_CONVERSION = YES;
				GCC_WARN_ABOUT_RETURN_TYPE = YES_ERROR;
				GCC_WARN_UNDECLARED_SELECTOR = YES;
				GCC_WARN_UNINITIALIZED_AUTOS = YES_AGGRESSIVE;
				GCC_WARN_UNUSED_FUNCTION = YES;
				GCC_WARN_UNUSED_VARIABLE = YES;
				IPHONEOS_DEPLOYMENT_TARGET = 11.2;
				MTL_ENABLE_DEBUG_INFO = NO;
				SDKROOT = iphoneos;
				SWIFT_OPTIMIZATION_LEVEL = "-Owholemodule";
				VALIDATE_PRODUCT = YES;
			};
			name = Release;
		};
		4725D232201C259500B3E131 /* Debug */ = {
			isa = XCBuildConfiguration;
			buildSettings = {
				ASSETCATALOG_COMPILER_APPICON_NAME = AppIcon;
				CODE_SIGN_STYLE = Automatic;
				DEVELOPMENT_TEAM = A24L6E5WJ8;
				INFOPLIST_FILE = wowCrunch/Info.plist;
				LD_RUNPATH_SEARCH_PATHS = "$(inherited) @executable_path/Frameworks";
				PRODUCT_BUNDLE_IDENTIFIER = com.kg.wowCrunch;
				PRODUCT_NAME = "$(TARGET_NAME)";
				SWIFT_VERSION = 4.0;
				TARGETED_DEVICE_FAMILY = 1;
			};
			name = Debug;
		};
		4725D233201C259500B3E131 /* Release */ = {
			isa = XCBuildConfiguration;
			buildSettings = {
				ASSETCATALOG_COMPILER_APPICON_NAME = AppIcon;
				CODE_SIGN_STYLE = Automatic;
				DEVELOPMENT_TEAM = A24L6E5WJ8;
				INFOPLIST_FILE = wowCrunch/Info.plist;
				LD_RUNPATH_SEARCH_PATHS = "$(inherited) @executable_path/Frameworks";
				PRODUCT_BUNDLE_IDENTIFIER = com.kg.wowCrunch;
				PRODUCT_NAME = "$(TARGET_NAME)";
				SWIFT_VERSION = 4.0;
				TARGETED_DEVICE_FAMILY = 1;
			};
			name = Release;
		};
/* End XCBuildConfiguration section */

/* Begin XCConfigurationList section */
		4725D214201C259500B3E131 /* Build configuration list for PBXProject "wowCrunch" */ = {
			isa = XCConfigurationList;
			buildConfigurations = (
				4725D22F201C259500B3E131 /* Debug */,
				4725D230201C259500B3E131 /* Release */,
			);
			defaultConfigurationIsVisible = 0;
			defaultConfigurationName = Release;
		};
		4725D231201C259500B3E131 /* Build configuration list for PBXNativeTarget "wowCrunch" */ = {
			isa = XCConfigurationList;
			buildConfigurations = (
				4725D232201C259500B3E131 /* Debug */,
				4725D233201C259500B3E131 /* Release */,
			);
			defaultConfigurationIsVisible = 0;
			defaultConfigurationName = Release;
		};
/* End XCConfigurationList section */
	};
	rootObject = 4725D211201C259400B3E131 /* Project object */;
}
